<Solution>
  <Folder Name="/Solution Items/">
    <File Path=".gitignore" />
    <File Path="ARCHITECTURE.md" />
    <File Path="Directory.Build.props" />
    <File Path="Directory.Packages.props" />
    <File Path="global.json" />
  </Folder>
  <Folder Name="/KinLight/">
    <Project Path="KinLight/KinLight.Client/KinLight.Client.csproj" />
  </Folder>
  <Folder Name="/Modules/">
    <Project Path="Modules/Shared/KinLight.Modules.Shared.csproj" />
  </Folder>
  <Folder Name="/Modules/Display/">
    <Project Path="Modules/Display/Api/KinLight.Modules.Display.Api.csproj" />
    <Project Path="Modules/Display/Client/KinLight.Modules.Display.Client.csproj" />
  </Folder>
  <Folder Name="/Modules/Portal/">
    <Project Path="Modules/Portal/Api/KinLight.Modules.Portal.Api.csproj" />
    <Project Path="Modules/Portal/Client/KinLight.Modules.Portal.Client.csproj" />
  </Folder>
  <Folder Name="/Modules/Widgets/">
    <Project Path="Modules/Widgets/Abstractions/KinLight.Modules.Widgets.Abstractions.csproj" />
    <Project Path="Modules/Widgets/BuiltIn/KinLight.Modules.Widgets.BuiltIn.csproj" />
  </Folder>
  <Folder Name="/Modules/Widgets/Calendar/">
    <Project Path="Modules/Widgets/Calendar/Api/KinLight.Modules.Widgets.Calendar.Api.csproj" />
    <Project Path="Modules/Widgets/Calendar/Client/KinLight.Modules.Widgets.Calendar.Client.csproj" />
  </Folder>
  <Folder Name="/Modules/Widgets/Clock/">
    <Project Path="Modules/Widgets/Clock/Client/KinLight.Modules.Widgets.Clock.Client.csproj" />
  </Folder>
  <Folder Name="/tests/">
    <Project Path="tests/KinLight.Localization.Tests/KinLight.Localization.Tests.csproj" />
  </Folder>
</Solution>
